// !$*UTF8*$!
{
	archiveVersion = 1;
	classes = {
	};
	objectVersion = 56;
	objects = {

/* Begin PBXBuildFile section */
		CE9FDD1929F68C2600E9017B /* MovieMixerApp.swift in Sources */ = {isa = PBXBuildFile; fileRef = CE9FDD1829F68C2600E9017B /* MovieMixerApp.swift */; };
		CE9FDD1B29F68C2600E9017B /* ContentView.swift in Sources */ = {isa = PBXBuildFile; fileRef = CE9FDD1A29F68C2600E9017B /* ContentView.swift */; };
		CE9FDD1D29F68C2900E9017B /* Assets.xcassets in Resources */ = {isa = PBXBuildFile; fileRef = CE9FDD1C29F68C2900E9017B /* Assets.xcassets */; };
		CE9FDD2029F68C2900E9017B /* Preview Assets.xcassets in Resources */ = {isa = PBXBuildFile; fileRef = CE9FDD1F29F68C2900E9017B /* Preview Assets.xcassets */; };
		CEFF03CE29FD6DCA00EBEEA0 /* DiscoverView.swift in Sources */ = {isa = PBXBuildFile; fileRef = CEFF03CD29FD6DCA00EBEEA0 /* DiscoverView.swift */; };
		CEFF03D029FD6DE500EBEEA0 /* TrendingCard.swift in Sources */ = {isa = PBXBuildFile; fileRef = CEFF03CF29FD6DE500EBEEA0 /* TrendingCard.swift */; };
		CEFF03D229FD6EFD00EBEEA0 /* CastView.swift in Sources */ = {isa = PBXBuildFile; fileRef = CEFF03D129FD6EFD00EBEEA0 /* CastView.swift */; };
		CEFF03D429FD6F3B00EBEEA0 /* MovieDetailView.swift in Sources */ = {isa = PBXBuildFile; fileRef = CEFF03D329FD6F3B00EBEEA0 /* MovieDetailView.swift */; };
		CEFF03D629FD6F7A00EBEEA0 /* MovieDiscoverViewModel.swift in Sources */ = {isa = PBXBuildFile; fileRef = CEFF03D529FD6F7A00EBEEA0 /* MovieDiscoverViewModel.swift */; };
		CEFF03D829FD6FA300EBEEA0 /* MovieDetailsViewModel.swift in Sources */ = {isa = PBXBuildFile; fileRef = CEFF03D729FD6FA300EBEEA0 /* MovieDetailsViewModel.swift */; };
		CEFF03DA29FD6FB900EBEEA0 /* Movie.swift in Sources */ = {isa = PBXBuildFile; fileRef = CEFF03D929FD6FB900EBEEA0 /* Movie.swift */; };
		CEFF03DC29FD6FCF00EBEEA0 /* TrendingResults.swift in Sources */ = {isa = PBXBuildFile; fileRef = CEFF03DB29FD6FCF00EBEEA0 /* TrendingResults.swift */; };
		CEFF03E029FD793500EBEEA0 /* Genre.swift in Sources */ = {isa = PBXBuildFile; fileRef = CEFF03DF29FD793500EBEEA0 /* Genre.swift */; };
		CEFF03E429FD7C6D00EBEEA0 /* MovieDetails.swift in Sources */ = {isa = PBXBuildFile; fileRef = CEFF03E329FD7C6D00EBEEA0 /* MovieDetails.swift */; };
		CEFF03E629FD86FA00EBEEA0 /* SearchCardView.swift in Sources */ = {isa = PBXBuildFile; fileRef = CEFF03E529FD86FA00EBEEA0 /* SearchCardView.swift */; };
/* End PBXBuildFile section */

/* Begin PBXFileReference section */
		CE9FDD1529F68C2600E9017B /* MovieMixer.app */ = {isa = PBXFileReference; explicitFileType = wrapper.application; includeInIndex = 0; path = MovieMixer.app; sourceTree = BUILT_PRODUCTS_DIR; };
		CE9FDD1829F68C2600E9017B /* MovieMixerApp.swift */ = {isa = PBXFileReference; lastKnownFileType = sourcecode.swift; path = MovieMixerApp.swift; sourceTree = "<group>"; };
		CE9FDD1A29F68C2600E9017B /* ContentView.swift */ = {isa = PBXFileReference; lastKnownFileType = sourcecode.swift; path = ContentView.swift; sourceTree = "<group>"; };
		CE9FDD1C29F68C2900E9017B /* Assets.xcassets */ = {isa = PBXFileReference; lastKnownFileType = folder.assetcatalog; path = Assets.xcassets; sourceTree = "<group>"; };
		CE9FDD1F29F68C2900E9017B /* Preview Assets.xcassets */ = {isa = PBXFileReference; lastKnownFileType = folder.assetcatalog; path = "Preview Assets.xcassets"; sourceTree = "<group>"; };
		CEFF03CD29FD6DCA00EBEEA0 /* DiscoverView.swift */ = {isa = PBXFileReference; lastKnownFileType = sourcecode.swift; path = DiscoverView.swift; sourceTree = "<group>"; };
		CEFF03CF29FD6DE500EBEEA0 /* TrendingCard.swift */ = {isa = PBXFileReference; lastKnownFileType = sourcecode.swift; path = TrendingCard.swift; sourceTree = "<group>"; };
		CEFF03D129FD6EFD00EBEEA0 /* CastView.swift */ = {isa = PBXFileReference; lastKnownFileType = sourcecode.swift; path = CastView.swift; sourceTree = "<group>"; };
		CEFF03D329FD6F3B00EBEEA0 /* MovieDetailView.swift */ = {isa = PBXFileReference; lastKnownFileType = sourcecode.swift; path = MovieDetailView.swift; sourceTree = "<group>"; };
		CEFF03D529FD6F7A00EBEEA0 /* MovieDiscoverViewModel.swift */ = {isa = PBXFileReference; lastKnownFileType = sourcecode.swift; path = MovieDiscoverViewModel.swift; sourceTree = "<group>"; };
		CEFF03D729FD6FA300EBEEA0 /* MovieDetailsViewModel.swift */ = {isa = PBXFileReference; lastKnownFileType = sourcecode.swift; path = MovieDetailsViewModel.swift; sourceTree = "<group>"; };
		CEFF03D929FD6FB900EBEEA0 /* Movie.swift */ = {isa = PBXFileReference; lastKnownFileType = sourcecode.swift; path = Movie.swift; sourceTree = "<group>"; };
		CEFF03DB29FD6FCF00EBEEA0 /* TrendingResults.swift */ = {isa = PBXFileReference; lastKnownFileType = sourcecode.swift; path = TrendingResults.swift; sourceTree = "<group>"; };
		CEFF03DF29FD793500EBEEA0 /* Genre.swift */ = {isa = PBXFileReference; lastKnownFileType = sourcecode.swift; path = Genre.swift; sourceTree = "<group>"; };
		CEFF03E329FD7C6D00EBEEA0 /* MovieDetails.swift */ = {isa = PBXFileReference; lastKnownFileType = sourcecode.swift; path = MovieDetails.swift; sourceTree = "<group>"; };
		CEFF03E529FD86FA00EBEEA0 /* SearchCardView.swift */ = {isa = PBXFileReference; lastKnownFileType = sourcecode.swift; path = SearchCardView.swift; sourceTree = "<group>"; };
/* End PBXFileReference section */

/* Begin PBXFrameworksBuildPhase section */
		CE9FDD1229F68C2600E9017B /* Frameworks */ = {
			isa = PBXFrameworksBuildPhase;
			buildActionMask = 2147483647;
			files = (
			);
			runOnlyForDeploymentPostprocessing = 0;
		};
/* End PBXFrameworksBuildPhase section */

/* Begin PBXGroup section */
		CE9FDD0C29F68C2600E9017B = {
			isa = PBXGroup;
			children = (
				CE9FDD1729F68C2600E9017B /* MovieMixer */,
				CE9FDD1629F68C2600E9017B /* Products */,
			);
			sourceTree = "<group>";
		};
		CE9FDD1629F68C2600E9017B /* Products */ = {
			isa = PBXGroup;
			children = (
				CE9FDD1529F68C2600E9017B /* MovieMixer.app */,
			);
			name = Products;
			sourceTree = "<group>";
		};
		CE9FDD1729F68C2600E9017B /* MovieMixer */ = {
			isa = PBXGroup;
			children = (
				CEFF03C929FD6CD800EBEEA0 /* Views */,
				CEFF03C829FD6CB300EBEEA0 /* Models */,
				CE9FDD1829F68C2600E9017B /* MovieMixerApp.swift */,
				CE9FDD1A29F68C2600E9017B /* ContentView.swift */,
				CE9FDD1C29F68C2900E9017B /* Assets.xcassets */,
				CE9FDD1E29F68C2900E9017B /* Preview Content */,
			);
			path = MovieMixer;
			sourceTree = "<group>";
		};
		CE9FDD1E29F68C2900E9017B /* Preview Content */ = {
			isa = PBXGroup;
			children = (
				CE9FDD1F29F68C2900E9017B /* Preview Assets.xcassets */,
			);
			path = "Preview Content";
			sourceTree = "<group>";
		};
		CEFF03C829FD6CB300EBEEA0 /* Models */ = {
			isa = PBXGroup;
			children = (
				CEFF03D529FD6F7A00EBEEA0 /* MovieDiscoverViewModel.swift */,
				CEFF03D729FD6FA300EBEEA0 /* MovieDetailsViewModel.swift */,
				CEFF03D929FD6FB900EBEEA0 /* Movie.swift */,
				CEFF03DB29FD6FCF00EBEEA0 /* TrendingResults.swift */,
				CEFF03DF29FD793500EBEEA0 /* Genre.swift */,
				CEFF03E329FD7C6D00EBEEA0 /* MovieDetails.swift */,
			);
			path = Models;
			sourceTree = "<group>";
		};
		CEFF03C929FD6CD800EBEEA0 /* Views */ = {
			isa = PBXGroup;
			children = (
				CEFF03CB29FD6CEF00EBEEA0 /* MovieDetails */,
				CEFF03CA29FD6CE300EBEEA0 /* DiscoverView */,
			);
			path = Views;
			sourceTree = "<group>";
		};
		CEFF03CA29FD6CE300EBEEA0 /* DiscoverView */ = {
			isa = PBXGroup;
			children = (
				CEFF03D129FD6EFD00EBEEA0 /* CastView.swift */,
				CEFF03D329FD6F3B00EBEEA0 /* MovieDetailView.swift */,
			);
			path = DiscoverView;
			sourceTree = "<group>";
		};
		CEFF03CB29FD6CEF00EBEEA0 /* MovieDetails */ = {
			isa = PBXGroup;
			children = (
				CEFF03CD29FD6DCA00EBEEA0 /* DiscoverView.swift */,
				CEFF03CF29FD6DE500EBEEA0 /* TrendingCard.swift */,
				CEFF03E529FD86FA00EBEEA0 /* SearchCardView.swift */,
			);
			path = MovieDetails;
			sourceTree = "<group>";
		};
/* End PBXGroup section */

/* Begin PBXNativeTarget section */
		CE9FDD1429F68C2600E9017B /* MovieMixer */ = {
			isa = PBXNativeTarget;
			buildConfigurationList = CE9FDD2329F68C2900E9017B /* Build configuration list for PBXNativeTarget "MovieMixer" */;
			buildPhases = (
				CE9FDD1129F68C2600E9017B /* Sources */,
				CE9FDD1229F68C2600E9017B /* Frameworks */,
				CE9FDD1329F68C2600E9017B /* Resources */,
			);
			buildRules = (
			);
			dependencies = (
			);
			name = MovieMixer;
			productName = MovieMixer;
			productReference = CE9FDD1529F68C2600E9017B /* MovieMixer.app */;
			productType = "com.apple.product-type.application";
		};
/* End PBXNativeTarget section */

/* Begin PBXProject section */
		CE9FDD0D29F68C2600E9017B /* Project object */ = {
			isa = PBXProject;
			attributes = {
				BuildIndependentTargetsInParallel = 1;
				LastSwiftUpdateCheck = 1420;
				LastUpgradeCheck = 1420;
				TargetAttributes = {
					CE9FDD1429F68C2600E9017B = {
						CreatedOnToolsVersion = 14.2;
					};
				};
			};
			buildConfigurationList = CE9FDD1029F68C2600E9017B /* Build configuration list for PBXProject "MovieMixer" */;
			compatibilityVersion = "Xcode 14.0";
			developmentRegion = en;
			hasScannedForEncodings = 0;
			knownRegions = (
				en,
				Base,
			);
			mainGroup = CE9FDD0C29F68C2600E9017B;
			productRefGroup = CE9FDD1629F68C2600E9017B /* Products */;
			projectDirPath = "";
			projectRoot = "";
			targets = (
				CE9FDD1429F68C2600E9017B /* MovieMixer */,
			);
		};
/* End PBXProject section */

/* Begin PBXResourcesBuildPhase section */
		CE9FDD1329F68C2600E9017B /* Resources */ = {
			isa = PBXResourcesBuildPhase;
			buildActionMask = 2147483647;
			files = (
				CE9FDD2029F68C2900E9017B /* Preview Assets.xcassets in Resources */,
				CE9FDD1D29F68C2900E9017B /* Assets.xcassets in Resources */,
			);
			runOnlyForDeploymentPostprocessing = 0;
		};
/* End PBXResourcesBuildPhase section */

/* Begin PBXSourcesBuildPhase section */
		CE9FDD1129F68C2600E9017B /* Sources */ = {
			isa = PBXSourcesBuildPhase;
			buildActionMask = 2147483647;
			files = (
				CEFF03D829FD6FA300EBEEA0 /* MovieDetailsViewModel.swift in Sources */,
				CEFF03D429FD6F3B00EBEEA0 /* MovieDetailView.swift in Sources */,
				CEFF03DA29FD6FB900EBEEA0 /* Movie.swift in Sources */,
				CEFF03E029FD793500EBEEA0 /* Genre.swift in Sources */,
				CE9FDD1B29F68C2600E9017B /* ContentView.swift in Sources */,
				CE9FDD1929F68C2600E9017B /* MovieMixerApp.swift in Sources */,
				CEFF03DC29FD6FCF00EBEEA0 /* TrendingResults.swift in Sources */,
				CEFF03D629FD6F7A00EBEEA0 /* MovieDiscoverViewModel.swift in Sources */,
				CEFF03D029FD6DE500EBEEA0 /* TrendingCard.swift in Sources */,
				CEFF03E629FD86FA00EBEEA0 /* SearchCardView.swift in Sources */,
				CEFF03D229FD6EFD00EBEEA0 /* CastView.swift in Sources */,
				CEFF03CE29FD6DCA00EBEEA0 /* DiscoverView.swift in Sources */,
				CEFF03E429FD7C6D00EBEEA0 /* MovieDetails.swift in Sources */,
			);
			runOnlyForDeploymentPostprocessing = 0;
		};
/* End PBXSourcesBuildPhase section */

/* Begin XCBuildConfiguration section */
		CE9FDD2129F68C2900E9017B /* Debug */ = {
			isa = XCBuildConfiguration;
			buildSettings = {
				ALWAYS_SEARCH_USER_PATHS = NO;
				CLANG_ANALYZER_NONNULL = YES;
				CLANG_ANALYZER_NUMBER_OBJECT_CONVERSION = YES_AGGRESSIVE;
				CLANG_CXX_LANGUAGE_STANDARD = "gnu++20";
				CLANG_ENABLE_MODULES = YES;
				CLANG_ENABLE_OBJC_ARC = YES;
				CLANG_ENABLE_OBJC_WEAK = YES;
				CLANG_WARN_BLOCK_CAPTURE_AUTORELEASING = YES;
				CLANG_WARN_BOOL_CONVERSION = YES;
				CLANG_WARN_COMMA = YES;
				CLANG_WARN_CONSTANT_CONVERSION = YES;
				CLANG_WARN_DEPRECATED_OBJC_IMPLEMENTATIONS = YES;
				CLANG_WARN_DIRECT_OBJC_ISA_USAGE = YES_ERROR;
				CLANG_WARN_DOCUMENTATION_COMMENTS = YES;
				CLANG_WARN_EMPTY_BODY = YES;
				CLANG_WARN_ENUM_CONVERSION = YES;
				CLANG_WARN_INFINITE_RECURSION = YES;
				CLANG_WARN_INT_CONVERSION = YES;
				CLANG_WARN_NON_LITERAL_NULL_CONVERSION = YES;
				CLANG_WARN_OBJC_IMPLICIT_RETAIN_SELF = YES;
				CLANG_WARN_OBJC_LITERAL_CONVERSION = YES;
				CLANG_WARN_OBJC_ROOT_CLASS = YES_ERROR;
				CLANG_WARN_QUOTED_INCLUDE_IN_FRAMEWORK_HEADER = YES;
				CLANG_WARN_RANGE_LOOP_ANALYSIS = YES;
				CLANG_WARN_STRICT_PROTOTYPES = YES;
				CLANG_WARN_SUSPICIOUS_MOVE = YES;
				CLANG_WARN_UNGUARDED_AVAILABILITY = YES_AGGRESSIVE;
				CLANG_WARN_UNREACHABLE_CODE = YES;
				CLANG_WARN__DUPLICATE_METHOD_MATCH = YES;
				COPY_PHASE_STRIP = NO;
				DEBUG_INFORMATION_FORMAT = dwarf;
				ENABLE_STRICT_OBJC_MSGSEND = YES;
				ENABLE_TESTABILITY = YES;
				GCC_C_LANGUAGE_STANDARD = gnu11;
				GCC_DYNAMIC_NO_PIC = NO;
				GCC_NO_COMMON_BLOCKS = YES;
				GCC_OPTIMIZATION_LEVEL = 0;
				GCC_PREPROCESSOR_DEFINITIONS = (
					"DEBUG=1",
					"$(inherited)",
				);
				GCC_WARN_64_TO_32_BIT_CONVERSION = YES;
				GCC_WARN_ABOUT_RETURN_TYPE = YES_ERROR;
				GCC_WARN_UNDECLARED_SELECTOR = YES;
				GCC_WARN_UNINITIALIZED_AUTOS = YES_AGGRESSIVE;
				GCC_WARN_UNUSED_FUNCTION = YES;
				GCC_WARN_UNUSED_VARIABLE = YES;
				IPHONEOS_DEPLOYMENT_TARGET = 16.2;
				MTL_ENABLE_DEBUG_INFO = INCLUDE_SOURCE;
				MTL_FAST_MATH = YES;
				ONLY_ACTIVE_ARCH = YES;
				SDKROOT = iphoneos;
				SWIFT_ACTIVE_COMPILATION_CONDITIONS = DEBUG;
				SWIFT_OPTIMIZATION_LEVEL = "-Onone";
			};
			name = Debug;
		};
		CE9FDD2229F68C2900E9017B /* Release */ = {
			isa = XCBuildConfiguration;
			buildSettings = {
				ALWAYS_SEARCH_USER_PATHS = NO;
				CLANG_ANALYZER_NONNULL = YES;
				CLANG_ANALYZER_NUMBER_OBJECT_CONVERSION = YES_AGGRESSIVE;
				CLANG_CXX_LANGUAGE_STANDARD = "gnu++20";
				CLANG_ENABLE_MODULES = YES;
				CLANG_ENABLE_OBJC_ARC = YES;
				CLANG_ENABLE_OBJC_WEAK = YES;
				CLANG_WARN_BLOCK_CAPTURE_AUTORELEASING = YES;
				CLANG_WARN_BOOL_CONVERSION = YES;
				CLANG_WARN_COMMA = YES;
				CLANG_WARN_CONSTANT_CONVERSION = YES;
				CLANG_WARN_DEPRECATED_OBJC_IMPLEMENTATIONS = YES;
				CLANG_WARN_DIRECT_OBJC_ISA_USAGE = YES_ERROR;
				CLANG_WARN_DOCUMENTATION_COMMENTS = YES;
				CLANG_WARN_EMPTY_BODY = YES;
				CLANG_WARN_ENUM_CONVERSION = YES;
				CLANG_WARN_INFINITE_RECURSION = YES;
				CLANG_WARN_INT_CONVERSION = YES;
				CLANG_WARN_NON_LITERAL_NULL_CONVERSION = YES;
				CLANG_WARN_OBJC_IMPLICIT_RETAIN_SELF = YES;
				CLANG_WARN_OBJC_LITERAL_CONVERSION = YES;
				CLANG_WARN_OBJC_ROOT_CLASS = YES_ERROR;
				CLANG_WARN_QUOTED_INCLUDE_IN_FRAMEWORK_HEADER = YES;
				CLANG_WARN_RANGE_LOOP_ANALYSIS = YES;
				CLANG_WARN_STRICT_PROTOTYPES = YES;
				CLANG_WARN_SUSPICIOUS_MOVE = YES;
				CLANG_WARN_UNGUARDED_AVAILABILITY = YES_AGGRESSIVE;
				CLANG_WARN_UNREACHABLE_CODE = YES;
				CLANG_WARN__DUPLICATE_METHOD_MATCH = YES;
				COPY_PHASE_STRIP = NO;
				DEBUG_INFORMATION_FORMAT = "dwarf-with-dsym";
				ENABLE_NS_ASSERTIONS = NO;
				ENABLE_STRICT_OBJC_MSGSEND = YES;
				GCC_C_LANGUAGE_STANDARD = gnu11;
				GCC_NO_COMMON_BLOCKS = YES;
				GCC_WARN_64_TO_32_BIT_CONVERSION = YES;
				GCC_WARN_ABOUT_RETURN_TYPE = YES_ERROR;
				GCC_WARN_UNDECLARED_SELECTOR = YES;
				GCC_WARN_UNINITIALIZED_AUTOS = YES_AGGRESSIVE;
				GCC_WARN_UNUSED_FUNCTION = YES;
				GCC_WARN_UNUSED_VARIABLE = YES;
				IPHONEOS_DEPLOYMENT_TARGET = 16.2;
				MTL_ENABLE_DEBUG_INFO = NO;
				MTL_FAST_MATH = YES;
				SDKROOT = iphoneos;
				SWIFT_COMPILATION_MODE = wholemodule;
				SWIFT_OPTIMIZATION_LEVEL = "-O";
				VALIDATE_PRODUCT = YES;
			};
			name = Release;
		};
		CE9FDD2429F68C2900E9017B /* Debug */ = {
			isa = XCBuildConfiguration;
			buildSettings = {
				ASSETCATALOG_COMPILER_APPICON_NAME = AppIcon;
				ASSETCATALOG_COMPILER_GLOBAL_ACCENT_COLOR_NAME = AccentColor;
				CODE_SIGN_STYLE = Automatic;
				CURRENT_PROJECT_VERSION = 1;
				DEVELOPMENT_ASSET_PATHS = "\"MovieMixer/Preview Content\"";
				ENABLE_PREVIEWS = YES;
				GENERATE_INFOPLIST_FILE = YES;
				INFOPLIST_KEY_UIApplicationSceneManifest_Generation = YES;
				INFOPLIST_KEY_UIApplicationSupportsIndirectInputEvents = YES;
				INFOPLIST_KEY_UILaunchScreen_Generation = YES;
				INFOPLIST_KEY_UISupportedInterfaceOrientations_iPad = "UIInterfaceOrientationPortrait UIInterfaceOrientationPortraitUpsideDown UIInterfaceOrientationLandscapeLeft UIInterfaceOrientationLandscapeRight";
				INFOPLIST_KEY_UISupportedInterfaceOrientations_iPhone = "UIInterfaceOrientationPortrait UIInterfaceOrientationLandscapeLeft UIInterfaceOrientationLandscapeRight";
				LD_RUNPATH_SEARCH_PATHS = (
					"$(inherited)",
					"@executable_path/Frameworks",
				);
				MARKETING_VERSION = 1.0;
				PRODUCT_BUNDLE_IDENTIFIER = Mark.MovieMixer;
				PRODUCT_NAME = "$(TARGET_NAME)";
				SWIFT_EMIT_LOC_STRINGS = YES;
				SWIFT_VERSION = 5.0;
				TARGETED_DEVICE_FAMILY = "1,2";
			};
			name = Debug;
		};
		CE9FDD2529F68C2900E9017B /* Release */ = {
			isa = XCBuildConfiguration;
			buildSettings = {
				ASSETCATALOG_COMPILER_APPICON_NAME = AppIcon;
				ASSETCATALOG_COMPILER_GLOBAL_ACCENT_COLOR_NAME = AccentColor;
				CODE_SIGN_STYLE = Automatic;
				CURRENT_PROJECT_VERSION = 1;
				DEVELOPMENT_ASSET_PATHS = "\"MovieMixer/Preview Content\"";
				ENABLE_PREVIEWS = YES;
				GENERATE_INFOPLIST_FILE = YES;
				INFOPLIST_KEY_UIApplicationSceneManifest_Generation = YES;
				INFOPLIST_KEY_UIApplicationSupportsIndirectInputEvents = YES;
				INFOPLIST_KEY_UILaunchScreen_Generation = YES;
				INFOPLIST_KEY_UISupportedInterfaceOrientations_iPad = "UIInterfaceOrientationPortrait UIInterfaceOrientationPortraitUpsideDown UIInterfaceOrientationLandscapeLeft UIInterfaceOrientationLandscapeRight";
				INFOPLIST_KEY_UISupportedInterfaceOrientations_iPhone = "UIInterfaceOrientationPortrait UIInterfaceOrientationLandscapeLeft UIInterfaceOrientationLandscapeRight";
				LD_RUNPATH_SEARCH_PATHS = (
					"$(inherited)",
					"@executable_path/Frameworks",
				);
				MARKETING_VERSION = 1.0;
				PRODUCT_BUNDLE_IDENTIFIER = Mark.MovieMixer;
				PRODUCT_NAME = "$(TARGET_NAME)";
				SWIFT_EMIT_LOC_STRINGS = YES;
				SWIFT_VERSION = 5.0;
				TARGETED_DEVICE_FAMILY = "1,2";
			};
			name = Release;
		};
/* End XCBuildConfiguration section */

/* Begin XCConfigurationList section */
		CE9FDD1029F68C2600E9017B /* Build configuration list for PBXProject "MovieMixer" */ = {
			isa = XCConfigurationList;
			buildConfigurations = (
				CE9FDD2129F68C2900E9017B /* Debug */,
				CE9FDD2229F68C2900E9017B /* Release */,
			);
			defaultConfigurationIsVisible = 0;
			defaultConfigurationName = Release;
		};
		CE9FDD2329F68C2900E9017B /* Build configuration list for PBXNativeTarget "MovieMixer" */ = {
			isa = XCConfigurationList;
			buildConfigurations = (
				CE9FDD2429F68C2900E9017B /* Debug */,
				CE9FDD2529F68C2900E9017B /* Release */,
			);
			defaultConfigurationIsVisible = 0;
			defaultConfigurationName = Release;
		};
/* End XCConfigurationList section */
	};
	rootObject = CE9FDD0D29F68C2600E9017B /* Project object */;
}
